<Solution>
  <Project Path="Assembly-CSharp.csproj" />
  <Project Path="SimpleInput.Runtime.csproj" />
  <Project Path="NavMeshPlus.csproj" />
  <Project Path="FMODUnityResonanceEditor.csproj" />
  <Project Path="NavMeshPlusEditor.csproj" />
  <Project Path="FMODUnityEditor.csproj" />
  <Project Path="FMODUnity.csproj" />
  <Project Path="FMODUnityResonance.csproj" />
  <Project Path="SimpleInput.Editor.csproj" />
</Solution>
